
Microsoft Visual Studio Solution File, Format Version 12.00
# Visual Studio Version 16
VisualStudioVersion = 16.0.34031.81
MinimumVisualStudioVersion = 10.0.40219.1
Project("{2150E333-8FDC-42A3-9474-1A3956D46DE8}") = "Task0", "Task0", "{E81C98E3-E85C-43C2-8948-7734CE0A1A0C}"
EndProject
Project("{FAE04EC0-301F-11D3-BF4B-00C04F79EFBC}") = "Tyuiu.ShtolAA.Sprint3.Task0.V16", "Tyuiu.ShtolAA.Sprint3.Task0.V16\Tyuiu.ShtolAA.Sprint3.Task0.V16.csproj", "{027D2E57-6580-4F3E-89D3-0EDC93E61439}"
EndProject
Project("{FAE04EC0-301F-11D3-BF4B-00C04F79EFBC}") = "Tyuiu.ShtolAA.Sprint3.Task0.V16.Lib", "Tyuiu.ShtolAA.Sprint3.Task0.V16.Lib\Tyuiu.ShtolAA.Sprint3.Task0.V16.Lib.csproj", "{8635C988-DDFF-4A05-B353-2B70593EFAA2}"
EndProject
Project("{FAE04EC0-301F-11D3-BF4B-00C04F79EFBC}") = "Tyuiu.ShtolAA.Sprint3.Task0.V16.Test", "Tyuiu.ShtolAA.Sprint3.Task0.V16.Test\Tyuiu.ShtolAA.Sprint3.Task0.V16.Test.csproj", "{57EA3B75-55B9-42D8-BDAF-894772B77DB9}"
EndProject
Project("{2150E333-8FDC-42A3-9474-1A3956D46DE8}") = "Task1", "Task1", "{25AFC07D-CA1C-4D4D-B10E-F4687151C7D2}"
EndProject
Project("{FAE04EC0-301F-11D3-BF4B-00C04F79EFBC}") = "Tyuiu.ShtolAA.Sprint3.Task1.V17", "Tyuiu.ShtolAA.Sprint3.Task1.V17\Tyuiu.ShtolAA.Sprint3.Task1.V17.csproj", "{AF87AB83-A7DE-4F2B-9090-B45C163C15CE}"
EndProject
Project("{FAE04EC0-301F-11D3-BF4B-00C04F79EFBC}") = "Tyuiu.ShtolAA.Sprint3.Task1.V17.Lib", "Tyuiu.ShtolAA.Sprint3.Task1.V17.Lib\Tyuiu.ShtolAA.Sprint3.Task1.V17.Lib.csproj", "{5405B8C8-8B9A-4019-8652-ACCF8EAA3D94}"
EndProject
Project("{FAE04EC0-301F-11D3-BF4B-00C04F79EFBC}") = "Tyuiu.ShtolAA.Sprint3.Task1.V17.Test", "Tyuiu.ShtolAA.Sprint3.Task1.V17.Test\Tyuiu.ShtolAA.Sprint3.Task1.V17.Test.csproj", "{BC5EF975-5343-4D29-919A-EA7D93BD4339}"
EndProject
Project("{2150E333-8FDC-42A3-9474-1A3956D46DE8}") = "Task2", "Task2", "{3306AE7C-2AD5-4C28-83E0-3705108D7DCD}"
EndProject
Project("{FAE04EC0-301F-11D3-BF4B-00C04F79EFBC}") = "Tyuiu.ShtolAA.Sprint3.Task2.V21", "Tyuiu.ShtolAA.Sprint3.Task2.V21\Tyuiu.ShtolAA.Sprint3.Task2.V21.csproj", "{B02E22FA-A052-4AC8-ABC4-5D46CD20A1AD}"
EndProject
Project("{FAE04EC0-301F-11D3-BF4B-00C04F79EFBC}") = "Tyuiu.ShtolAA.Sprint3.Task2.V21.Lib", "Tyuiu.ShtolAA.Sprint3.Task2.V21.Lib\Tyuiu.ShtolAA.Sprint3.Task2.V21.Lib.csproj", "{5F5BF727-9726-4EF8-ACCB-7D8CD9A1CDC4}"
EndProject
Project("{FAE04EC0-301F-11D3-BF4B-00C04F79EFBC}") = "Tyuiu.ShtolAA.Sprint3.Task2.V21.Test", "Tyuiu.ShtolAA.Sprint3.Task2.V21.Test\Tyuiu.ShtolAA.Sprint3.Task2.V21.Test.csproj", "{08840E4A-5B9D-4F50-8269-9624AA4925BF}"
EndProject
Project("{2150E333-8FDC-42A3-9474-1A3956D46DE8}") = "Task3", "Task3", "{DD3ADF19-524F-41ED-8F7E-550829FD0F87}"
EndProject
Project("{FAE04EC0-301F-11D3-BF4B-00C04F79EFBC}") = "Tyuiu.ShtolAA.Sprint3.Task3.V27", "Tyuiu.ShtolAA.Sprint3.Task3.V27\Tyuiu.ShtolAA.Sprint3.Task3.V27.csproj", "{33E9E7FD-63A9-4E13-8D17-BD1C4506C87D}"
EndProject
Project("{FAE04EC0-301F-11D3-BF4B-00C04F79EFBC}") = "Tyuiu.ShtolAA.Sprint3.Task3.V27.Lib", "Tyuiu.ShtolAA.Sprint3.Task3.V27.Lib\Tyuiu.ShtolAA.Sprint3.Task3.V27.Lib.csproj", "{2BBF0E7E-3423-4566-AFE0-6B1E94DDD92A}"
EndProject
Project("{FAE04EC0-301F-11D3-BF4B-00C04F79EFBC}") = "Tyuiu.ShtolAA.Sprint3.Task3.V27.Test", "Tyuiu.ShtolAA.Sprint3.Task3.V27.Test\Tyuiu.ShtolAA.Sprint3.Task3.V27.Test.csproj", "{AA2B9FE7-6E13-421A-B7F0-ACC98D3B04E1}"
EndProject
Global
	GlobalSection(SolutionConfigurationPlatforms) = preSolution
		Debug|Any CPU = Debug|Any CPU
		Release|Any CPU = Release|Any CPU
	EndGlobalSection
	GlobalSection(ProjectConfigurationPlatforms) = postSolution
		{027D2E57-6580-4F3E-89D3-0EDC93E61439}.Debug|Any CPU.ActiveCfg = Debug|Any CPU
		{027D2E57-6580-4F3E-89D3-0EDC93E61439}.Debug|Any CPU.Build.0 = Debug|Any CPU
		{027D2E57-6580-4F3E-89D3-0EDC93E61439}.Release|Any CPU.ActiveCfg = Release|Any CPU
		{027D2E57-6580-4F3E-89D3-0EDC93E61439}.Release|Any CPU.Build.0 = Release|Any CPU
		{8635C988-DDFF-4A05-B353-2B70593EFAA2}.Debug|Any CPU.ActiveCfg = Debug|Any CPU
		{8635C988-DDFF-4A05-B353-2B70593EFAA2}.Debug|Any CPU.Build.0 = Debug|Any CPU
		{8635C988-DDFF-4A05-B353-2B70593EFAA2}.Release|Any CPU.ActiveCfg = Release|Any CPU
		{8635C988-DDFF-4A05-B353-2B70593EFAA2}.Release|Any CPU.Build.0 = Release|Any CPU
		{57EA3B75-55B9-42D8-BDAF-894772B77DB9}.Debug|Any CPU.ActiveCfg = Debug|Any CPU
		{57EA3B75-55B9-42D8-BDAF-894772B77DB9}.Debug|Any CPU.Build.0 = Debug|Any CPU
		{57EA3B75-55B9-42D8-BDAF-894772B77DB9}.Release|Any CPU.ActiveCfg = Release|Any CPU
		{57EA3B75-55B9-42D8-BDAF-894772B77DB9}.Release|Any CPU.Build.0 = Release|Any CPU
		{AF87AB83-A7DE-4F2B-9090-B45C163C15CE}.Debug|Any CPU.ActiveCfg = Debug|Any CPU
		{AF87AB83-A7DE-4F2B-9090-B45C163C15CE}.Debug|Any CPU.Build.0 = Debug|Any CPU
		{AF87AB83-A7DE-4F2B-9090-B45C163C15CE}.Release|Any CPU.ActiveCfg = Release|Any CPU
		{AF87AB83-A7DE-4F2B-9090-B45C163C15CE}.Release|Any CPU.Build.0 = Release|Any CPU
		{5405B8C8-8B9A-4019-8652-ACCF8EAA3D94}.Debug|Any CPU.ActiveCfg = Debug|Any CPU
		{5405B8C8-8B9A-4019-8652-ACCF8EAA3D94}.Debug|Any CPU.Build.0 = Debug|Any CPU
		{5405B8C8-8B9A-4019-8652-ACCF8EAA3D94}.Release|Any CPU.ActiveCfg = Release|Any CPU
		{5405B8C8-8B9A-4019-8652-ACCF8EAA3D94}.Release|Any CPU.Build.0 = Release|Any CPU
		{BC5EF975-5343-4D29-919A-EA7D93BD4339}.Debug|Any CPU.ActiveCfg = Debug|Any CPU
		{BC5EF975-5343-4D29-919A-EA7D93BD4339}.Debug|Any CPU.Build.0 = Debug|Any CPU
		{BC5EF975-5343-4D29-919A-EA7D93BD4339}.Release|Any CPU.ActiveCfg = Release|Any CPU
		{BC5EF975-5343-4D29-919A-EA7D93BD4339}.Release|Any CPU.Build.0 = Release|Any CPU
		{B02E22FA-A052-4AC8-ABC4-5D46CD20A1AD}.Debug|Any CPU.ActiveCfg = Debug|Any CPU
		{B02E22FA-A052-4AC8-ABC4-5D46CD20A1AD}.Debug|Any CPU.Build.0 = Debug|Any CPU
		{B02E22FA-A052-4AC8-ABC4-5D46CD20A1AD}.Release|Any CPU.ActiveCfg = Release|Any CPU
		{B02E22FA-A052-4AC8-ABC4-5D46CD20A1AD}.Release|Any CPU.Build.0 = Release|Any CPU
		{5F5BF727-9726-4EF8-ACCB-7D8CD9A1CDC4}.Debug|Any CPU.ActiveCfg = Debug|Any CPU
		{5F5BF727-9726-4EF8-ACCB-7D8CD9A1CDC4}.Debug|Any CPU.Build.0 = Debug|Any CPU
		{5F5BF727-9726-4EF8-ACCB-7D8CD9A1CDC4}.Release|Any CPU.ActiveCfg = Release|Any CPU
		{5F5BF727-9726-4EF8-ACCB-7D8CD9A1CDC4}.Release|Any CPU.Build.0 = Release|Any CPU
		{08840E4A-5B9D-4F50-8269-9624AA4925BF}.Debug|Any CPU.ActiveCfg = Debug|Any CPU
		{08840E4A-5B9D-4F50-8269-9624AA4925BF}.Debug|Any CPU.Build.0 = Debug|Any CPU
		{08840E4A-5B9D-4F50-8269-9624AA4925BF}.Release|Any CPU.ActiveCfg = Release|Any CPU
		{08840E4A-5B9D-4F50-8269-9624AA4925BF}.Release|Any CPU.Build.0 = Release|Any CPU
		{33E9E7FD-63A9-4E13-8D17-BD1C4506C87D}.Debug|Any CPU.ActiveCfg = Debug|Any CPU
		{33E9E7FD-63A9-4E13-8D17-BD1C4506C87D}.Debug|Any CPU.Build.0 = Debug|Any CPU
		{33E9E7FD-63A9-4E13-8D17-BD1C4506C87D}.Release|Any CPU.ActiveCfg = Release|Any CPU
		{33E9E7FD-63A9-4E13-8D17-BD1C4506C87D}.Release|Any CPU.Build.0 = Release|Any CPU
		{2BBF0E7E-3423-4566-AFE0-6B1E94DDD92A}.Debug|Any CPU.ActiveCfg = Debug|Any CPU
		{2BBF0E7E-3423-4566-AFE0-6B1E94DDD92A}.Debug|Any CPU.Build.0 = Debug|Any CPU
		{2BBF0E7E-3423-4566-AFE0-6B1E94DDD92A}.Release|Any CPU.ActiveCfg = Release|Any CPU
		{2BBF0E7E-3423-4566-AFE0-6B1E94DDD92A}.Release|Any CPU.Build.0 = Release|Any CPU
		{AA2B9FE7-6E13-421A-B7F0-ACC98D3B04E1}.Debug|Any CPU.ActiveCfg = Debug|Any CPU
		{AA2B9FE7-6E13-421A-B7F0-ACC98D3B04E1}.Debug|Any CPU.Build.0 = Debug|Any CPU
		{AA2B9FE7-6E13-421A-B7F0-ACC98D3B04E1}.Release|Any CPU.ActiveCfg = Release|Any CPU
		{AA2B9FE7-6E13-421A-B7F0-ACC98D3B04E1}.Release|Any CPU.Build.0 = Release|Any CPU
	EndGlobalSection
	GlobalSection(SolutionProperties) = preSolution
		HideSolutionNode = FALSE
	EndGlobalSection
	GlobalSection(NestedProjects) = preSolution
		{027D2E57-6580-4F3E-89D3-0EDC93E61439} = {E81C98E3-E85C-43C2-8948-7734CE0A1A0C}
		{8635C988-DDFF-4A05-B353-2B70593EFAA2} = {E81C98E3-E85C-43C2-8948-7734CE0A1A0C}
		{57EA3B75-55B9-42D8-BDAF-894772B77DB9} = {E81C98E3-E85C-43C2-8948-7734CE0A1A0C}
		{AF87AB83-A7DE-4F2B-9090-B45C163C15CE} = {25AFC07D-CA1C-4D4D-B10E-F4687151C7D2}
		{5405B8C8-8B9A-4019-8652-ACCF8EAA3D94} = {25AFC07D-CA1C-4D4D-B10E-F4687151C7D2}
		{BC5EF975-5343-4D29-919A-EA7D93BD4339} = {25AFC07D-CA1C-4D4D-B10E-F4687151C7D2}
		{B02E22FA-A052-4AC8-ABC4-5D46CD20A1AD} = {3306AE7C-2AD5-4C28-83E0-3705108D7DCD}
		{5F5BF727-9726-4EF8-ACCB-7D8CD9A1CDC4} = {3306AE7C-2AD5-4C28-83E0-3705108D7DCD}
		{08840E4A-5B9D-4F50-8269-9624AA4925BF} = {3306AE7C-2AD5-4C28-83E0-3705108D7DCD}
		{33E9E7FD-63A9-4E13-8D17-BD1C4506C87D} = {DD3ADF19-524F-41ED-8F7E-550829FD0F87}
		{2BBF0E7E-3423-4566-AFE0-6B1E94DDD92A} = {DD3ADF19-524F-41ED-8F7E-550829FD0F87}
		{AA2B9FE7-6E13-421A-B7F0-ACC98D3B04E1} = {DD3ADF19-524F-41ED-8F7E-550829FD0F87}
	EndGlobalSection
	GlobalSection(ExtensibilityGlobals) = postSolution
		SolutionGuid = {70C71F6F-6790-4F60-988B-F3EAA293BBCB}
	EndGlobalSection
EndGlobal
